PATH
  remote: ..
  specs:
    exp_backoff (0.1.0)
      httparty (~> 0.21)
      logger

GEM
  remote: https://rubygems.org/
  specs:
    bigdecimal (3.3.1)
    byebug (12.0.0)
    csv (3.3.5)
    httparty (0.23.2)
      csv
      mini_mime (>= 1.0.0)
      multi_xml (>= 0.5.2)
    logger (1.7.0)
    mini_mime (1.1.5)
    multi_xml (0.7.2)
      bigdecimal (~> 3.1)

PLATFORMS
  x86_64-linux

DEPENDENCIES
  byebug
  exp_backoff!

BUNDLED WITH
   2.7.1
